
Microsoft Visual Studio Solution File, Format Version 12.00
# Visual Studio Version 17
VisualStudioVersion = 17.14.36401.2 d17.14
MinimumVisualStudioVersion = 10.0.40219.1
Project("{FAE04EC0-301F-11D3-BF4B-00C04F79EFBC}") = "Event_Management_System", "Event_Management_System\Event_Management_System.csproj", "{F5492C21-69EF-4476-AB74-2CAA134B3EF6}"
EndProject
Global
	GlobalSection(SolutionConfigurationPlatforms) = preSolution
		Debug|Any CPU = Debug|Any CPU
		Release|Any CPU = Release|Any CPU
	EndGlobalSection
	GlobalSection(ProjectConfigurationPlatforms) = postSolution
		{F5492C21-69EF-4476-AB74-2CAA134B3EF6}.Debug|Any CPU.ActiveCfg = Debug|Any CPU
		{F5492C21-69EF-4476-AB74-2CAA134B3EF6}.Debug|Any CPU.Build.0 = Debug|Any CPU
		{F5492C21-69EF-4476-AB74-2CAA134B3EF6}.Release|Any CPU.ActiveCfg = Release|Any CPU
		{F5492C21-69EF-4476-AB74-2CAA134B3EF6}.Release|Any CPU.Build.0 = Release|Any CPU
	EndGlobalSection
	GlobalSection(SolutionProperties) = preSolution
		HideSolutionNode = FALSE
	EndGlobalSection
	GlobalSection(ExtensibilityGlobals) = postSolution
		SolutionGuid = {A4806A93-C710-4FF1-8C79-20D2FFAA3A79}
	EndGlobalSection
EndGlobal
